// !$*UTF8*$!
{
	archiveVersion = 1;
	classes = {
	};
	objectVersion = 50;
	objects = {

/* Begin PBXBuildFile section */
		215432922478DA3100AFFC23 /* AppDelegate.swift in Sources */ = {isa = PBXBuildFile; fileRef = 215432912478DA3100AFFC23 /* AppDelegate.swift */; };
		215432942478DA3100AFFC23 /* SceneDelegate.swift in Sources */ = {isa = PBXBuildFile; fileRef = 215432932478DA3100AFFC23 /* SceneDelegate.swift */; };
		215432962478DA3100AFFC23 /* ViewController.swift in Sources */ = {isa = PBXBuildFile; fileRef = 215432952478DA3100AFFC23 /* ViewController.swift */; };
		215432992478DA3100AFFC23 /* Main.storyboard in Resources */ = {isa = PBXBuildFile; fileRef = 215432972478DA3100AFFC23 /* Main.storyboard */; };
		2154329B2478DA3200AFFC23 /* Assets.xcassets in Resources */ = {isa = PBXBuildFile; fileRef = 2154329A2478DA3200AFFC23 /* Assets.xcassets */; };
		2154329E2478DA3200AFFC23 /* LaunchScreen.storyboard in Resources */ = {isa = PBXBuildFile; fileRef = 2154329C2478DA3200AFFC23 /* LaunchScreen.storyboard */; };
/* End PBXBuildFile section */

/* Begin PBXFileReference section */
		2154328E2478DA3100AFFC23 /* EthanAdventureApp.app */ = {isa = PBXFileReference; explicitFileType = wrapper.application; includeInIndex = 0; path = EthanAdventureApp.app; sourceTree = BUILT_PRODUCTS_DIR; };
		215432912478DA3100AFFC23 /* AppDelegate.swift */ = {isa = PBXFileReference; lastKnownFileType = sourcecode.swift; path = AppDelegate.swift; sourceTree = "<group>"; };
		215432932478DA3100AFFC23 /* SceneDelegate.swift */ = {isa = PBXFileReference; lastKnownFileType = sourcecode.swift; path = SceneDelegate.swift; sourceTree = "<group>"; };
		215432952478DA3100AFFC23 /* ViewController.swift */ = {isa = PBXFileReference; lastKnownFileType = sourcecode.swift; path = ViewController.swift; sourceTree = "<group>"; };
		215432982478DA3100AFFC23 /* Base */ = {isa = PBXFileReference; lastKnownFileType = file.storyboard; name = Base; path = Base.lproj/Main.storyboard; sourceTree = "<group>"; };
		2154329A2478DA3200AFFC23 /* Assets.xcassets */ = {isa = PBXFileReference; lastKnownFileType = folder.assetcatalog; path = Assets.xcassets; sourceTree = "<group>"; };
		2154329D2478DA3200AFFC23 /* Base */ = {isa = PBXFileReference; lastKnownFileType = file.storyboard; name = Base; path = Base.lproj/LaunchScreen.storyboard; sourceTree = "<group>"; };
		2154329F2478DA3200AFFC23 /* Info.plist */ = {isa = PBXFileReference; lastKnownFileType = text.plist.xml; path = Info.plist; sourceTree = "<group>"; };
/* End PBXFileReference section */

/* Begin PBXFrameworksBuildPhase section */
		2154328B2478DA3100AFFC23 /* Frameworks */ = {
			isa = PBXFrameworksBuildPhase;
			buildActionMask = 2147483647;
			files = (
			);
			runOnlyForDeploymentPostprocessing = 0;
		};
/* End PBXFrameworksBuildPhase section */

/* Begin PBXGroup section */
		215432852478DA3100AFFC23 = {
			isa = PBXGroup;
			children = (
				215432902478DA3100AFFC23 /* EthanAdventureApp */,
				2154328F2478DA3100AFFC23 /* Products */,
			);
			sourceTree = "<group>";
		};
		2154328F2478DA3100AFFC23 /* Products */ = {
			isa = PBXGroup;
			children = (
				2154328E2478DA3100AFFC23 /* EthanAdventureApp.app */,
			);
			name = Products;
			sourceTree = "<group>";
		};
		215432902478DA3100AFFC23 /* EthanAdventureApp */ = {
			isa = PBXGroup;
			children = (
				215432912478DA3100AFFC23 /* AppDelegate.swift */,
				215432932478DA3100AFFC23 /* SceneDelegate.swift */,
				215432952478DA3100AFFC23 /* ViewController.swift */,
				215432972478DA3100AFFC23 /* Main.storyboard */,
				2154329A2478DA3200AFFC23 /* Assets.xcassets */,
				2154329C2478DA3200AFFC23 /* LaunchScreen.storyboard */,
				2154329F2478DA3200AFFC23 /* Info.plist */,
			);
			path = EthanAdventureApp;
			sourceTree = "<group>";
		};
/* End PBXGroup section */

/* Begin PBXNativeTarget section */
		2154328D2478DA3100AFFC23 /* EthanAdventureApp */ = {
			isa = PBXNativeTarget;
			buildConfigurationList = 215432A22478DA3200AFFC23 /* Build configuration list for PBXNativeTarget "EthanAdventureApp" */;
			buildPhases = (
				2154328A2478DA3100AFFC23 /* Sources */,
				2154328B2478DA3100AFFC23 /* Frameworks */,
				2154328C2478DA3100AFFC23 /* Resources */,
			);
			buildRules = (
			);
			dependencies = (
			);
			name = EthanAdventureApp;
			productName = EthanAdventureApp;
			productReference = 2154328E2478DA3100AFFC23 /* EthanAdventureApp.app */;
			productType = "com.apple.product-type.application";
		};
/* End PBXNativeTarget section */

/* Begin PBXProject section */
		215432862478DA3100AFFC23 /* Project object */ = {
			isa = PBXProject;
			attributes = {
				LastSwiftUpdateCheck = 1130;
				LastUpgradeCheck = 1130;
				ORGANIZATIONNAME = "Toby Kreiman";
				TargetAttributes = {
					2154328D2478DA3100AFFC23 = {
						CreatedOnToolsVersion = 11.3;
					};
				};
			};
			buildConfigurationList = 215432892478DA3100AFFC23 /* Build configuration list for PBXProject "EthanAdventureApp" */;
			compatibilityVersion = "Xcode 9.3";
			developmentRegion = en;
			hasScannedForEncodings = 0;
			knownRegions = (
				en,
				Base,
			);
			mainGroup = 215432852478DA3100AFFC23;
			productRefGroup = 2154328F2478DA3100AFFC23 /* Products */;
			projectDirPath = "";
			projectRoot = "";
			targets = (
				2154328D2478DA3100AFFC23 /* EthanAdventureApp */,
			);
		};
/* End PBXProject section */

/* Begin PBXResourcesBuildPhase section */
		2154328C2478DA3100AFFC23 /* Resources */ = {
			isa = PBXResourcesBuildPhase;
			buildActionMask = 2147483647;
			files = (
				2154329E2478DA3200AFFC23 /* LaunchScreen.storyboard in Resources */,
				2154329B2478DA3200AFFC23 /* Assets.xcassets in Resources */,
				215432992478DA3100AFFC23 /* Main.storyboard in Resources */,
			);
			runOnlyForDeploymentPostprocessing = 0;
		};
/* End PBXResourcesBuildPhase section */

/* Begin PBXSourcesBuildPhase section */
		2154328A2478DA3100AFFC23 /* Sources */ = {
			isa = PBXSourcesBuildPhase;
			buildActionMask = 2147483647;
			files = (
				215432962478DA3100AFFC23 /* ViewController.swift in Sources */,
				215432922478DA3100AFFC23 /* AppDelegate.swift in Sources */,
				215432942478DA3100AFFC23 /* SceneDelegate.swift in Sources */,
			);
			runOnlyForDeploymentPostprocessing = 0;
		};
/* End PBXSourcesBuildPhase section */

/* Begin PBXVariantGroup section */
		215432972478DA3100AFFC23 /* Main.storyboard */ = {
			isa = PBXVariantGroup;
			children = (
				215432982478DA3100AFFC23 /* Base */,
			);
			name = Main.storyboard;
			sourceTree = "<group>";
		};
		2154329C2478DA3200AFFC23 /* LaunchScreen.storyboard */ = {
			isa = PBXVariantGroup;
			children = (
				2154329D2478DA3200AFFC23 /* Base */,
			);
			name = LaunchScreen.storyboard;
			sourceTree = "<group>";
		};
/* End PBXVariantGroup section */

/* Begin XCBuildConfiguration section */
		215432A02478DA3200AFFC23 /* Debug */ = {
			isa = XCBuildConfiguration;
			buildSettings = {
				ALWAYS_SEARCH_USER_PATHS = NO;
				CLANG_ANALYZER_NONNULL = YES;
				CLANG_ANALYZER_NUMBER_OBJECT_CONVERSION = YES_AGGRESSIVE;
				CLANG_CXX_LANGUAGE_STANDARD = "gnu++14";
				CLANG_CXX_LIBRARY = "libc++";
				CLANG_ENABLE_MODULES = YES;
				CLANG_ENABLE_OBJC_ARC = YES;
				CLANG_ENABLE_OBJC_WEAK = YES;
				CLANG_WARN_BLOCK_CAPTURE_AUTORELEASING = YES;
				CLANG_WARN_BOOL_CONVERSION = YES;
				CLANG_WARN_COMMA = YES;
				CLANG_WARN_CONSTANT_CONVERSION = YES;
				CLANG_WARN_DEPRECATED_OBJC_IMPLEMENTATIONS = YES;
				CLANG_WARN_DIRECT_OBJC_ISA_USAGE = YES_ERROR;
				CLANG_WARN_DOCUMENTATION_COMMENTS = YES;
				CLANG_WARN_EMPTY_BODY = YES;
				CLANG_WARN_ENUM_CONVERSION = YES;
				CLANG_WARN_INFINITE_RECURSION = YES;
				CLANG_WARN_INT_CONVERSION = YES;
				CLANG_WARN_NON_LITERAL_NULL_CONVERSION = YES;
				CLANG_WARN_OBJC_IMPLICIT_RETAIN_SELF = YES;
				CLANG_WARN_OBJC_LITERAL_CONVERSION = YES;
				CLANG_WARN_OBJC_ROOT_CLASS = YES_ERROR;
				CLANG_WARN_RANGE_LOOP_ANALYSIS = YES;
				CLANG_WARN_STRICT_PROTOTYPES = YES;
				CLANG_WARN_SUSPICIOUS_MOVE = YES;
				CLANG_WARN_UNGUARDED_AVAILABILITY = YES_AGGRESSIVE;
				CLANG_WARN_UNREACHABLE_CODE = YES;
				CLANG_WARN__DUPLICATE_METHOD_MATCH = YES;
				COPY_PHASE_STRIP = NO;
				DEBUG_INFORMATION_FORMAT = dwarf;
				ENABLE_STRICT_OBJC_MSGSEND = YES;
				ENABLE_TESTABILITY = YES;
				GCC_C_LANGUAGE_STANDARD = gnu11;
				GCC_DYNAMIC_NO_PIC = NO;
				GCC_NO_COMMON_BLOCKS = YES;
				GCC_OPTIMIZATION_LEVEL = 0;
				GCC_PREPROCESSOR_DEFINITIONS = (
					"DEBUG=1",
					"$(inherited)",
				);
				GCC_WARN_64_TO_32_BIT_CONVERSION = YES;
				GCC_WARN_ABOUT_RETURN_TYPE = YES_ERROR;
				GCC_WARN_UNDECLARED_SELECTOR = YES;
				GCC_WARN_UNINITIALIZED_AUTOS = YES_AGGRESSIVE;
				GCC_WARN_UNUSED_FUNCTION = YES;
				GCC_WARN_UNUSED_VARIABLE = YES;
				IPHONEOS_DEPLOYMENT_TARGET = 13.2;
				MTL_ENABLE_DEBUG_INFO = INCLUDE_SOURCE;
				MTL_FAST_MATH = YES;
				ONLY_ACTIVE_ARCH = YES;
				SDKROOT = iphoneos;
				SWIFT_ACTIVE_COMPILATION_CONDITIONS = DEBUG;
				SWIFT_OPTIMIZATION_LEVEL = "-Onone";
			};
			name = Debug;
		};
		215432A12478DA3200AFFC23 /* Release */ = {
			isa = XCBuildConfiguration;
			buildSettings = {
				ALWAYS_SEARCH_USER_PATHS = NO;
				CLANG_ANALYZER_NONNULL = YES;
				CLANG_ANALYZER_NUMBER_OBJECT_CONVERSION = YES_AGGRESSIVE;
				CLANG_CXX_LANGUAGE_STANDARD = "gnu++14";
				CLANG_CXX_LIBRARY = "libc++";
				CLANG_ENABLE_MODULES = YES;
				CLANG_ENABLE_OBJC_ARC = YES;
				CLANG_ENABLE_OBJC_WEAK = YES;
				CLANG_WARN_BLOCK_CAPTURE_AUTORELEASING = YES;
				CLANG_WARN_BOOL_CONVERSION = YES;
				CLANG_WARN_COMMA = YES;
				CLANG_WARN_CONSTANT_CONVERSION = YES;
				CLANG_WARN_DEPRECATED_OBJC_IMPLEMENTATIONS = YES;
				CLANG_WARN_DIRECT_OBJC_ISA_USAGE = YES_ERROR;
				CLANG_WARN_DOCUMENTATION_COMMENTS = YES;
				CLANG_WARN_EMPTY_BODY = YES;
				CLANG_WARN_ENUM_CONVERSION = YES;
				CLANG_WARN_INFINITE_RECURSION = YES;
				CLANG_WARN_INT_CONVERSION = YES;
				CLANG_WARN_NON_LITERAL_NULL_CONVERSION = YES;
				CLANG_WARN_OBJC_IMPLICIT_RETAIN_SELF = YES;
				CLANG_WARN_OBJC_LITERAL_CONVERSION = YES;
				CLANG_WARN_OBJC_ROOT_CLASS = YES_ERROR;
				CLANG_WARN_RANGE_LOOP_ANALYSIS = YES;
				CLANG_WARN_STRICT_PROTOTYPES = YES;
				CLANG_WARN_SUSPICIOUS_MOVE = YES;
				CLANG_WARN_UNGUARDED_AVAILABILITY = YES_AGGRESSIVE;
				CLANG_WARN_UNREACHABLE_CODE = YES;
				CLANG_WARN__DUPLICATE_METHOD_MATCH = YES;
				COPY_PHASE_STRIP = NO;
				DEBUG_INFORMATION_FORMAT = "dwarf-with-dsym";
				ENABLE_NS_ASSERTIONS = NO;
				ENABLE_STRICT_OBJC_MSGSEND = YES;
				GCC_C_LANGUAGE_STANDARD = gnu11;
				GCC_NO_COMMON_BLOCKS = YES;
				GCC_WARN_64_TO_32_BIT_CONVERSION = YES;
				GCC_WARN_ABOUT_RETURN_TYPE = YES_ERROR;
				GCC_WARN_UNDECLARED_SELECTOR = YES;
				GCC_WARN_UNINITIALIZED_AUTOS = YES_AGGRESSIVE;
				GCC_WARN_UNUSED_FUNCTION = YES;
				GCC_WARN_UNUSED_VARIABLE = YES;
				IPHONEOS_DEPLOYMENT_TARGET = 13.2;
				MTL_ENABLE_DEBUG_INFO = NO;
				MTL_FAST_MATH = YES;
				SDKROOT = iphoneos;
				SWIFT_COMPILATION_MODE = wholemodule;
				SWIFT_OPTIMIZATION_LEVEL = "-O";
				VALIDATE_PRODUCT = YES;
			};
			name = Release;
		};
		215432A32478DA3200AFFC23 /* Debug */ = {
			isa = XCBuildConfiguration;
			buildSettings = {
				ASSETCATALOG_COMPILER_APPICON_NAME = AppIcon;
				CODE_SIGN_STYLE = Automatic;
				DEVELOPMENT_TEAM = LCX682S6EY;
				INFOPLIST_FILE = EthanAdventureApp/Info.plist;
				LD_RUNPATH_SEARCH_PATHS = (
					"$(inherited)",
					"@executable_path/Frameworks",
				);
				PRODUCT_BUNDLE_IDENTIFIER = com.kreeapps.EthanAdventureApp;
				PRODUCT_NAME = "$(TARGET_NAME)";
				SWIFT_VERSION = 5.0;
				TARGETED_DEVICE_FAMILY = "1,2";
			};
			name = Debug;
		};
		215432A42478DA3200AFFC23 /* Release */ = {
			isa = XCBuildConfiguration;
			buildSettings = {
				ASSETCATALOG_COMPILER_APPICON_NAME = AppIcon;
				CODE_SIGN_STYLE = Automatic;
				DEVELOPMENT_TEAM = LCX682S6EY;
				INFOPLIST_FILE = EthanAdventureApp/Info.plist;
				LD_RUNPATH_SEARCH_PATHS = (
					"$(inherited)",
					"@executable_path/Frameworks",
				);
				PRODUCT_BUNDLE_IDENTIFIER = com.kreeapps.EthanAdventureApp;
				PRODUCT_NAME = "$(TARGET_NAME)";
				SWIFT_VERSION = 5.0;
				TARGETED_DEVICE_FAMILY = "1,2";
			};
			name = Release;
		};
/* End XCBuildConfiguration section */

/* Begin XCConfigurationList section */
		215432892478DA3100AFFC23 /* Build configuration list for PBXProject "EthanAdventureApp" */ = {
			isa = XCConfigurationList;
			buildConfigurations = (
				215432A02478DA3200AFFC23 /* Debug */,
				215432A12478DA3200AFFC23 /* Release */,
			);
			defaultConfigurationIsVisible = 0;
			defaultConfigurationName = Release;
		};
		215432A22478DA3200AFFC23 /* Build configuration list for PBXNativeTarget "EthanAdventureApp" */ = {
			isa = XCConfigurationList;
			buildConfigurations = (
				215432A32478DA3200AFFC23 /* Debug */,
				215432A42478DA3200AFFC23 /* Release */,
			);
			defaultConfigurationIsVisible = 0;
			defaultConfigurationName = Release;
		};
/* End XCConfigurationList section */
	};
	rootObject = 215432862478DA3100AFFC23 /* Project object */;
}
